// !$*UTF8*$!
{
	archiveVersion = 1;
	classes = {
	};
	objectVersion = 55;
	objects = {

/* Begin PBXBuildFile section */
		51055B7228AFC5B0001AC8F4 /* PhotoViewController.swift in Sources */ = {isa = PBXBuildFile; fileRef = 51055B7128AFC5B0001AC8F4 /* PhotoViewController.swift */; };
		514475AA28A91A2B00F26298 /* AppDelegate.swift in Sources */ = {isa = PBXBuildFile; fileRef = 514475A928A91A2B00F26298 /* AppDelegate.swift */; };
		514475AC28A91A2B00F26298 /* SceneDelegate.swift in Sources */ = {isa = PBXBuildFile; fileRef = 514475AB28A91A2B00F26298 /* SceneDelegate.swift */; };
		514475AE28A91A2B00F26298 /* LoginViewController.swift in Sources */ = {isa = PBXBuildFile; fileRef = 514475AD28A91A2B00F26298 /* LoginViewController.swift */; };
		514475B128A91A2B00F26298 /* Main.storyboard in Resources */ = {isa = PBXBuildFile; fileRef = 514475AF28A91A2B00F26298 /* Main.storyboard */; };
		514475B328A91A2E00F26298 /* Assets.xcassets in Resources */ = {isa = PBXBuildFile; fileRef = 514475B228A91A2E00F26298 /* Assets.xcassets */; };
		514475B628A91A2E00F26298 /* LaunchScreen.storyboard in Resources */ = {isa = PBXBuildFile; fileRef = 514475B428A91A2E00F26298 /* LaunchScreen.storyboard */; };
		514475C028A927B500F26298 /* WelcomeViewController.swift in Sources */ = {isa = PBXBuildFile; fileRef = 514475BF28A927B500F26298 /* WelcomeViewController.swift */; };
		515EF4DA28AEC9B800974A88 /* NavigationController.swift in Sources */ = {isa = PBXBuildFile; fileRef = 515EF4D928AEC9B800974A88 /* NavigationController.swift */; };
		515EF4DC28AECA2F00974A88 /* PrivateAreaViewController.swift in Sources */ = {isa = PBXBuildFile; fileRef = 515EF4DB28AECA2F00974A88 /* PrivateAreaViewController.swift */; };
		515EF4DE28AECA4800974A88 /* MyInfoViewController.swift in Sources */ = {isa = PBXBuildFile; fileRef = 515EF4DD28AECA4800974A88 /* MyInfoViewController.swift */; };
		515EF4E028AECAD500974A88 /* Person.swift in Sources */ = {isa = PBXBuildFile; fileRef = 515EF4DF28AECAD500974A88 /* Person.swift */; };
/* End PBXBuildFile section */

/* Begin PBXFileReference section */
		51055B7128AFC5B0001AC8F4 /* PhotoViewController.swift */ = {isa = PBXFileReference; lastKnownFileType = sourcecode.swift; path = PhotoViewController.swift; sourceTree = "<group>"; };
		514475A628A91A2B00F26298 /* LoginApp.app */ = {isa = PBXFileReference; explicitFileType = wrapper.application; includeInIndex = 0; path = LoginApp.app; sourceTree = BUILT_PRODUCTS_DIR; };
		514475A928A91A2B00F26298 /* AppDelegate.swift */ = {isa = PBXFileReference; lastKnownFileType = sourcecode.swift; path = AppDelegate.swift; sourceTree = "<group>"; };
		514475AB28A91A2B00F26298 /* SceneDelegate.swift */ = {isa = PBXFileReference; lastKnownFileType = sourcecode.swift; path = SceneDelegate.swift; sourceTree = "<group>"; };
		514475AD28A91A2B00F26298 /* LoginViewController.swift */ = {isa = PBXFileReference; lastKnownFileType = sourcecode.swift; path = LoginViewController.swift; sourceTree = "<group>"; };
		514475B028A91A2B00F26298 /* Base */ = {isa = PBXFileReference; lastKnownFileType = file.storyboard; name = Base; path = Base.lproj/Main.storyboard; sourceTree = "<group>"; };
		514475B228A91A2E00F26298 /* Assets.xcassets */ = {isa = PBXFileReference; lastKnownFileType = folder.assetcatalog; path = Assets.xcassets; sourceTree = "<group>"; };
		514475B528A91A2E00F26298 /* Base */ = {isa = PBXFileReference; lastKnownFileType = file.storyboard; name = Base; path = Base.lproj/LaunchScreen.storyboard; sourceTree = "<group>"; };
		514475B728A91A2E00F26298 /* Info.plist */ = {isa = PBXFileReference; lastKnownFileType = text.plist.xml; path = Info.plist; sourceTree = "<group>"; };
		514475BF28A927B500F26298 /* WelcomeViewController.swift */ = {isa = PBXFileReference; lastKnownFileType = sourcecode.swift; path = WelcomeViewController.swift; sourceTree = "<group>"; };
		515EF4D928AEC9B800974A88 /* NavigationController.swift */ = {isa = PBXFileReference; lastKnownFileType = sourcecode.swift; path = NavigationController.swift; sourceTree = "<group>"; };
		515EF4DB28AECA2F00974A88 /* PrivateAreaViewController.swift */ = {isa = PBXFileReference; lastKnownFileType = sourcecode.swift; path = PrivateAreaViewController.swift; sourceTree = "<group>"; };
		515EF4DD28AECA4800974A88 /* MyInfoViewController.swift */ = {isa = PBXFileReference; lastKnownFileType = sourcecode.swift; path = MyInfoViewController.swift; sourceTree = "<group>"; };
		515EF4DF28AECAD500974A88 /* Person.swift */ = {isa = PBXFileReference; lastKnownFileType = sourcecode.swift; path = Person.swift; sourceTree = "<group>"; };
/* End PBXFileReference section */

/* Begin PBXFrameworksBuildPhase section */
		514475A328A91A2B00F26298 /* Frameworks */ = {
			isa = PBXFrameworksBuildPhase;
			buildActionMask = 2147483647;
			files = (
			);
			runOnlyForDeploymentPostprocessing = 0;
		};
/* End PBXFrameworksBuildPhase section */

/* Begin PBXGroup section */
		5144759D28A91A2B00F26298 = {
			isa = PBXGroup;
			children = (
				514475A828A91A2B00F26298 /* LoginApp */,
				514475A728A91A2B00F26298 /* Products */,
			);
			sourceTree = "<group>";
		};
		514475A728A91A2B00F26298 /* Products */ = {
			isa = PBXGroup;
			children = (
				514475A628A91A2B00F26298 /* LoginApp.app */,
			);
			name = Products;
			sourceTree = "<group>";
		};
		514475A828A91A2B00F26298 /* LoginApp */ = {
			isa = PBXGroup;
			children = (
				515EF4E228AECD7F00974A88 /* SupportFiles */,
				515EF4E328AECD9F00974A88 /* Models */,
				515EF4E128AECAEB00974A88 /* VC */,
				515EF4E428AECDA900974A88 /* StoryBoards */,
				514475B228A91A2E00F26298 /* Assets.xcassets */,
				514475B728A91A2E00F26298 /* Info.plist */,
			);
			path = LoginApp;
			sourceTree = "<group>";
		};
		515EF4E128AECAEB00974A88 /* VC */ = {
			isa = PBXGroup;
			children = (
				514475AD28A91A2B00F26298 /* LoginViewController.swift */,
				514475BF28A927B500F26298 /* WelcomeViewController.swift */,
				515EF4D928AEC9B800974A88 /* NavigationController.swift */,
				515EF4DB28AECA2F00974A88 /* PrivateAreaViewController.swift */,
				515EF4DD28AECA4800974A88 /* MyInfoViewController.swift */,
				51055B7128AFC5B0001AC8F4 /* PhotoViewController.swift */,
			);
			path = VC;
			sourceTree = "<group>";
		};
		515EF4E228AECD7F00974A88 /* SupportFiles */ = {
			isa = PBXGroup;
			children = (
				514475A928A91A2B00F26298 /* AppDelegate.swift */,
				514475AB28A91A2B00F26298 /* SceneDelegate.swift */,
			);
			path = SupportFiles;
			sourceTree = "<group>";
		};
		515EF4E328AECD9F00974A88 /* Models */ = {
			isa = PBXGroup;
			children = (
				515EF4DF28AECAD500974A88 /* Person.swift */,
			);
			path = Models;
			sourceTree = "<group>";
		};
		515EF4E428AECDA900974A88 /* StoryBoards */ = {
			isa = PBXGroup;
			children = (
				514475AF28A91A2B00F26298 /* Main.storyboard */,
				514475B428A91A2E00F26298 /* LaunchScreen.storyboard */,
			);
			path = StoryBoards;
			sourceTree = "<group>";
		};
/* End PBXGroup section */

/* Begin PBXNativeTarget section */
		514475A528A91A2B00F26298 /* LoginApp */ = {
			isa = PBXNativeTarget;
			buildConfigurationList = 514475BA28A91A2E00F26298 /* Build configuration list for PBXNativeTarget "LoginApp" */;
			buildPhases = (
				514475A228A91A2B00F26298 /* Sources */,
				514475A328A91A2B00F26298 /* Frameworks */,
				514475A428A91A2B00F26298 /* Resources */,
			);
			buildRules = (
			);
			dependencies = (
			);
			name = LoginApp;
			productName = LoginApp;
			productReference = 514475A628A91A2B00F26298 /* LoginApp.app */;
			productType = "com.apple.product-type.application";
		};
/* End PBXNativeTarget section */

/* Begin PBXProject section */
		5144759E28A91A2B00F26298 /* Project object */ = {
			isa = PBXProject;
			attributes = {
				BuildIndependentTargetsInParallel = 1;
				LastSwiftUpdateCheck = 1340;
				LastUpgradeCheck = 1340;
				TargetAttributes = {
					514475A528A91A2B00F26298 = {
						CreatedOnToolsVersion = 13.4.1;
					};
				};
			};
			buildConfigurationList = 514475A128A91A2B00F26298 /* Build configuration list for PBXProject "LoginApp" */;
			compatibilityVersion = "Xcode 13.0";
			developmentRegion = en;
			hasScannedForEncodings = 0;
			knownRegions = (
				en,
				Base,
			);
			mainGroup = 5144759D28A91A2B00F26298;
			productRefGroup = 514475A728A91A2B00F26298 /* Products */;
			projectDirPath = "";
			projectRoot = "";
			targets = (
				514475A528A91A2B00F26298 /* LoginApp */,
			);
		};
/* End PBXProject section */

/* Begin PBXResourcesBuildPhase section */
		514475A428A91A2B00F26298 /* Resources */ = {
			isa = PBXResourcesBuildPhase;
			buildActionMask = 2147483647;
			files = (
				514475B628A91A2E00F26298 /* LaunchScreen.storyboard in Resources */,
				514475B328A91A2E00F26298 /* Assets.xcassets in Resources */,
				514475B128A91A2B00F26298 /* Main.storyboard in Resources */,
			);
			runOnlyForDeploymentPostprocessing = 0;
		};
/* End PBXResourcesBuildPhase section */

/* Begin PBXSourcesBuildPhase section */
		514475A228A91A2B00F26298 /* Sources */ = {
			isa = PBXSourcesBuildPhase;
			buildActionMask = 2147483647;
			files = (
				515EF4E028AECAD500974A88 /* Person.swift in Sources */,
				515EF4DA28AEC9B800974A88 /* NavigationController.swift in Sources */,
				514475AE28A91A2B00F26298 /* LoginViewController.swift in Sources */,
				514475C028A927B500F26298 /* WelcomeViewController.swift in Sources */,
				515EF4DC28AECA2F00974A88 /* PrivateAreaViewController.swift in Sources */,
				514475AA28A91A2B00F26298 /* AppDelegate.swift in Sources */,
				515EF4DE28AECA4800974A88 /* MyInfoViewController.swift in Sources */,
				514475AC28A91A2B00F26298 /* SceneDelegate.swift in Sources */,
				51055B7228AFC5B0001AC8F4 /* PhotoViewController.swift in Sources */,
			);
			runOnlyForDeploymentPostprocessing = 0;
		};
/* End PBXSourcesBuildPhase section */

/* Begin PBXVariantGroup section */
		514475AF28A91A2B00F26298 /* Main.storyboard */ = {
			isa = PBXVariantGroup;
			children = (
				514475B028A91A2B00F26298 /* Base */,
			);
			name = Main.storyboard;
			sourceTree = "<group>";
		};
		514475B428A91A2E00F26298 /* LaunchScreen.storyboard */ = {
			isa = PBXVariantGroup;
			children = (
				514475B528A91A2E00F26298 /* Base */,
			);
			name = LaunchScreen.storyboard;
			sourceTree = "<group>";
		};
/* End PBXVariantGroup section */

/* Begin XCBuildConfiguration section */
		514475B828A91A2E00F26298 /* Debug */ = {
			isa = XCBuildConfiguration;
			buildSettings = {
				ALWAYS_SEARCH_USER_PATHS = NO;
				CLANG_ANALYZER_NONNULL = YES;
				CLANG_ANALYZER_NUMBER_OBJECT_CONVERSION = YES_AGGRESSIVE;
				CLANG_CXX_LANGUAGE_STANDARD = "gnu++17";
				CLANG_ENABLE_MODULES = YES;
				CLANG_ENABLE_OBJC_ARC = YES;
				CLANG_ENABLE_OBJC_WEAK = YES;
				CLANG_WARN_BLOCK_CAPTURE_AUTORELEASING = YES;
				CLANG_WARN_BOOL_CONVERSION = YES;
				CLANG_WARN_COMMA = YES;
				CLANG_WARN_CONSTANT_CONVERSION = YES;
				CLANG_WARN_DEPRECATED_OBJC_IMPLEMENTATIONS = YES;
				CLANG_WARN_DIRECT_OBJC_ISA_USAGE = YES_ERROR;
				CLANG_WARN_DOCUMENTATION_COMMENTS = YES;
				CLANG_WARN_EMPTY_BODY = YES;
				CLANG_WARN_ENUM_CONVERSION = YES;
				CLANG_WARN_INFINITE_RECURSION = YES;
				CLANG_WARN_INT_CONVERSION = YES;
				CLANG_WARN_NON_LITERAL_NULL_CONVERSION = YES;
				CLANG_WARN_OBJC_IMPLICIT_RETAIN_SELF = YES;
				CLANG_WARN_OBJC_LITERAL_CONVERSION = YES;
				CLANG_WARN_OBJC_ROOT_CLASS = YES_ERROR;
				CLANG_WARN_QUOTED_INCLUDE_IN_FRAMEWORK_HEADER = YES;
				CLANG_WARN_RANGE_LOOP_ANALYSIS = YES;
				CLANG_WARN_STRICT_PROTOTYPES = YES;
				CLANG_WARN_SUSPICIOUS_MOVE = YES;
				CLANG_WARN_UNGUARDED_AVAILABILITY = YES_AGGRESSIVE;
				CLANG_WARN_UNREACHABLE_CODE = YES;
				CLANG_WARN__DUPLICATE_METHOD_MATCH = YES;
				COPY_PHASE_STRIP = NO;
				DEBUG_INFORMATION_FORMAT = dwarf;
				ENABLE_STRICT_OBJC_MSGSEND = YES;
				ENABLE_TESTABILITY = YES;
				GCC_C_LANGUAGE_STANDARD = gnu11;
				GCC_DYNAMIC_NO_PIC = NO;
				GCC_NO_COMMON_BLOCKS = YES;
				GCC_OPTIMIZATION_LEVEL = 0;
				GCC_PREPROCESSOR_DEFINITIONS = (
					"DEBUG=1",
					"$(inherited)",
				);
				GCC_WARN_64_TO_32_BIT_CONVERSION = YES;
				GCC_WARN_ABOUT_RETURN_TYPE = YES_ERROR;
				GCC_WARN_UNDECLARED_SELECTOR = YES;
				GCC_WARN_UNINITIALIZED_AUTOS = YES_AGGRESSIVE;
				GCC_WARN_UNUSED_FUNCTION = YES;
				GCC_WARN_UNUSED_VARIABLE = YES;
				IPHONEOS_DEPLOYMENT_TARGET = 15.5;
				MTL_ENABLE_DEBUG_INFO = INCLUDE_SOURCE;
				MTL_FAST_MATH = YES;
				ONLY_ACTIVE_ARCH = YES;
				SDKROOT = iphoneos;
				SWIFT_ACTIVE_COMPILATION_CONDITIONS = DEBUG;
				SWIFT_OPTIMIZATION_LEVEL = "-Onone";
			};
			name = Debug;
		};
		514475B928A91A2E00F26298 /* Release */ = {
			isa = XCBuildConfiguration;
			buildSettings = {
				ALWAYS_SEARCH_USER_PATHS = NO;
				CLANG_ANALYZER_NONNULL = YES;
				CLANG_ANALYZER_NUMBER_OBJECT_CONVERSION = YES_AGGRESSIVE;
				CLANG_CXX_LANGUAGE_STANDARD = "gnu++17";
				CLANG_ENABLE_MODULES = YES;
				CLANG_ENABLE_OBJC_ARC = YES;
				CLANG_ENABLE_OBJC_WEAK = YES;
				CLANG_WARN_BLOCK_CAPTURE_AUTORELEASING = YES;
				CLANG_WARN_BOOL_CONVERSION = YES;
				CLANG_WARN_COMMA = YES;
				CLANG_WARN_CONSTANT_CONVERSION = YES;
				CLANG_WARN_DEPRECATED_OBJC_IMPLEMENTATIONS = YES;
				CLANG_WARN_DIRECT_OBJC_ISA_USAGE = YES_ERROR;
				CLANG_WARN_DOCUMENTATION_COMMENTS = YES;
				CLANG_WARN_EMPTY_BODY = YES;
				CLANG_WARN_ENUM_CONVERSION = YES;
				CLANG_WARN_INFINITE_RECURSION = YES;
				CLANG_WARN_INT_CONVERSION = YES;
				CLANG_WARN_NON_LITERAL_NULL_CONVERSION = YES;
				CLANG_WARN_OBJC_IMPLICIT_RETAIN_SELF = YES;
				CLANG_WARN_OBJC_LITERAL_CONVERSION = YES;
				CLANG_WARN_OBJC_ROOT_CLASS = YES_ERROR;
				CLANG_WARN_QUOTED_INCLUDE_IN_FRAMEWORK_HEADER = YES;
				CLANG_WARN_RANGE_LOOP_ANALYSIS = YES;
				CLANG_WARN_STRICT_PROTOTYPES = YES;
				CLANG_WARN_SUSPICIOUS_MOVE = YES;
				CLANG_WARN_UNGUARDED_AVAILABILITY = YES_AGGRESSIVE;
				CLANG_WARN_UNREACHABLE_CODE = YES;
				CLANG_WARN__DUPLICATE_METHOD_MATCH = YES;
				COPY_PHASE_STRIP = NO;
				DEBUG_INFORMATION_FORMAT = "dwarf-with-dsym";
				ENABLE_NS_ASSERTIONS = NO;
				ENABLE_STRICT_OBJC_MSGSEND = YES;
				GCC_C_LANGUAGE_STANDARD = gnu11;
				GCC_NO_COMMON_BLOCKS = YES;
				GCC_WARN_64_TO_32_BIT_CONVERSION = YES;
				GCC_WARN_ABOUT_RETURN_TYPE = YES_ERROR;
				GCC_WARN_UNDECLARED_SELECTOR = YES;
				GCC_WARN_UNINITIALIZED_AUTOS = YES_AGGRESSIVE;
				GCC_WARN_UNUSED_FUNCTION = YES;
				GCC_WARN_UNUSED_VARIABLE = YES;
				IPHONEOS_DEPLOYMENT_TARGET = 15.5;
				MTL_ENABLE_DEBUG_INFO = NO;
				MTL_FAST_MATH = YES;
				SDKROOT = iphoneos;
				SWIFT_COMPILATION_MODE = wholemodule;
				SWIFT_OPTIMIZATION_LEVEL = "-O";
				VALIDATE_PRODUCT = YES;
			};
			name = Release;
		};
		514475BB28A91A2E00F26298 /* Debug */ = {
			isa = XCBuildConfiguration;
			buildSettings = {
				ASSETCATALOG_COMPILER_APPICON_NAME = AppIcon;
				ASSETCATALOG_COMPILER_GLOBAL_ACCENT_COLOR_NAME = AccentColor;
				CODE_SIGN_STYLE = Automatic;
				CURRENT_PROJECT_VERSION = 1;
				DEVELOPMENT_TEAM = LBKPR9U7Q9;
				GENERATE_INFOPLIST_FILE = YES;
				INFOPLIST_FILE = LoginApp/Info.plist;
				INFOPLIST_KEY_UIApplicationSupportsIndirectInputEvents = YES;
				INFOPLIST_KEY_UILaunchStoryboardName = LaunchScreen;
				INFOPLIST_KEY_UIMainStoryboardFile = Main;
				INFOPLIST_KEY_UISupportedInterfaceOrientations_iPad = "UIInterfaceOrientationPortrait UIInterfaceOrientationPortraitUpsideDown UIInterfaceOrientationLandscapeLeft UIInterfaceOrientationLandscapeRight";
				INFOPLIST_KEY_UISupportedInterfaceOrientations_iPhone = "UIInterfaceOrientationPortrait UIInterfaceOrientationLandscapeLeft UIInterfaceOrientationLandscapeRight";
				LD_RUNPATH_SEARCH_PATHS = (
					"$(inherited)",
					"@executable_path/Frameworks",
				);
				MARKETING_VERSION = 1.1;
				PRODUCT_BUNDLE_IDENTIFIER = com.tirexgroup.LoginApp;
				PRODUCT_NAME = "$(TARGET_NAME)";
				SWIFT_EMIT_LOC_STRINGS = YES;
				SWIFT_VERSION = 5.0;
				TARGETED_DEVICE_FAMILY = "1,2";
			};
			name = Debug;
		};
		514475BC28A91A2E00F26298 /* Release */ = {
			isa = XCBuildConfiguration;
			buildSettings = {
				ASSETCATALOG_COMPILER_APPICON_NAME = AppIcon;
				ASSETCATALOG_COMPILER_GLOBAL_ACCENT_COLOR_NAME = AccentColor;
				CODE_SIGN_STYLE = Automatic;
				CURRENT_PROJECT_VERSION = 1;
				DEVELOPMENT_TEAM = LBKPR9U7Q9;
				GENERATE_INFOPLIST_FILE = YES;
				INFOPLIST_FILE = LoginApp/Info.plist;
				INFOPLIST_KEY_UIApplicationSupportsIndirectInputEvents = YES;
				INFOPLIST_KEY_UILaunchStoryboardName = LaunchScreen;
				INFOPLIST_KEY_UIMainStoryboardFile = Main;
				INFOPLIST_KEY_UISupportedInterfaceOrientations_iPad = "UIInterfaceOrientationPortrait UIInterfaceOrientationPortraitUpsideDown UIInterfaceOrientationLandscapeLeft UIInterfaceOrientationLandscapeRight";
				INFOPLIST_KEY_UISupportedInterfaceOrientations_iPhone = "UIInterfaceOrientationPortrait UIInterfaceOrientationLandscapeLeft UIInterfaceOrientationLandscapeRight";
				LD_RUNPATH_SEARCH_PATHS = (
					"$(inherited)",
					"@executable_path/Frameworks",
				);
				MARKETING_VERSION = 1.1;
				PRODUCT_BUNDLE_IDENTIFIER = com.tirexgroup.LoginApp;
				PRODUCT_NAME = "$(TARGET_NAME)";
				SWIFT_EMIT_LOC_STRINGS = YES;
				SWIFT_VERSION = 5.0;
				TARGETED_DEVICE_FAMILY = "1,2";
			};
			name = Release;
		};
/* End XCBuildConfiguration section */

/* Begin XCConfigurationList section */
		514475A128A91A2B00F26298 /* Build configuration list for PBXProject "LoginApp" */ = {
			isa = XCConfigurationList;
			buildConfigurations = (
				514475B828A91A2E00F26298 /* Debug */,
				514475B928A91A2E00F26298 /* Release */,
			);
			defaultConfigurationIsVisible = 0;
			defaultConfigurationName = Release;
		};
		514475BA28A91A2E00F26298 /* Build configuration list for PBXNativeTarget "LoginApp" */ = {
			isa = XCConfigurationList;
			buildConfigurations = (
				514475BB28A91A2E00F26298 /* Debug */,
				514475BC28A91A2E00F26298 /* Release */,
			);
			defaultConfigurationIsVisible = 0;
			defaultConfigurationName = Release;
		};
/* End XCConfigurationList section */
	};
	rootObject = 5144759E28A91A2B00F26298 /* Project object */;
}
